
Microsoft Visual Studio Solution File, Format Version 12.00
# Visual Studio Version 16
VisualStudioVersion = 16.0.28803.202
MinimumVisualStudioVersion = 10.0.40219.1
Project("{FAE04EC0-301F-11D3-BF4B-00C04F79EFBC}") = "Sentiment Feedback", "Sentiment Feedback\Sentiment Feedback.csproj", "{2C2D6CC5-A405-4B20-83DB-5EAA8D2623BD}"
EndProject
Global
	GlobalSection(SolutionConfigurationPlatforms) = preSolution
		Debug|Any CPU = Debug|Any CPU
		Release|Any CPU = Release|Any CPU
	EndGlobalSection
	GlobalSection(ProjectConfigurationPlatforms) = postSolution
		{2C2D6CC5-A405-4B20-83DB-5EAA8D2623BD}.Debug|Any CPU.ActiveCfg = Debug|Any CPU
		{2C2D6CC5-A405-4B20-83DB-5EAA8D2623BD}.Debug|Any CPU.Build.0 = Debug|Any CPU
		{2C2D6CC5-A405-4B20-83DB-5EAA8D2623BD}.Release|Any CPU.ActiveCfg = Release|Any CPU
		{2C2D6CC5-A405-4B20-83DB-5EAA8D2623BD}.Release|Any CPU.Build.0 = Release|Any CPU
	EndGlobalSection
	GlobalSection(SolutionProperties) = preSolution
		HideSolutionNode = FALSE
	EndGlobalSection
	GlobalSection(ExtensibilityGlobals) = postSolution
		SolutionGuid = {C432972C-E1AE-483A-87CA-692E800FDB0C}
	EndGlobalSection
EndGlobal
